{
  "originHash" : "f433c6bd0a62132f9f0e7f9b0e0685450ceefd6e783755ff6316052add0760c3",
  "pins" : [
    {
      "identity" : "purchases-ios",
      "kind" : "remoteSourceControl",
      "location" : "https://github.com/RevenueCat/purchases-ios.git",
      "state" : {
        "revision" : "4b28e6817c746be6bb710f2bcc0a7e8d9f9e3afa",
        "version" : "5.81.1"
      }
    }
  ],
  "version" : 3
}
