{
  "originHash" : "6373c5fc478e60729d64d7d8380420f8f606228c3b77fbcf6e08bffa42ec5d5f",
  "pins" : [
    {
      "identity" : "purchases-ios",
      "kind" : "remoteSourceControl",
      "location" : "https://github.com/RevenueCat/purchases-ios.git",
      "state" : {
        "revision" : "c69a23f56c63bdfe96096fa64a1c65334d2592db",
        "version" : "5.83.0"
      }
    },
    {
      "identity" : "swiftsdk",
      "kind" : "remoteSourceControl",
      "location" : "https://github.com/TelemetryDeck/SwiftSDK",
      "state" : {
        "revision" : "58f436299d3f6710bcedc18aff26480aaf1879fc",
        "version" : "2.14.2"
      }
    }
  ],
  "version" : 3
}
